
Microsoft Visual Studio Solution File, Format Version 12.00
# Visual Studio Version 17
VisualStudioVersion = 17.5.002.0
MinimumVisualStudioVersion = 10.0.40219.1
Project("{9A19103F-16F7-4668-BE54-9A1E7A4F7556}") = "seapirate.infrastructure", "seapirate.infrastructure\seapirate.infrastructure.csproj", "{9700D93B-4CD7-4AFF-9E84-1065768AD671}"
EndProject
Global
	GlobalSection(SolutionConfigurationPlatforms) = preSolution
		Debug|Any CPU = Debug|Any CPU
		Release|Any CPU = Release|Any CPU
	EndGlobalSection
	GlobalSection(ProjectConfigurationPlatforms) = postSolution
		{9700D93B-4CD7-4AFF-9E84-1065768AD671}.Debug|Any CPU.ActiveCfg = Debug|Any CPU
		{9700D93B-4CD7-4AFF-9E84-1065768AD671}.Debug|Any CPU.Build.0 = Debug|Any CPU
		{9700D93B-4CD7-4AFF-9E84-1065768AD671}.Release|Any CPU.ActiveCfg = Release|Any CPU
		{9700D93B-4CD7-4AFF-9E84-1065768AD671}.Release|Any CPU.Build.0 = Release|Any CPU
	EndGlobalSection
	GlobalSection(SolutionProperties) = preSolution
		HideSolutionNode = FALSE
	EndGlobalSection
	GlobalSection(ExtensibilityGlobals) = postSolution
		SolutionGuid = {33FE8629-E153-4935-B0EC-EB7ACC37D564}
	EndGlobalSection
EndGlobal
